// !$*UTF8*$!
{
	archiveVersion = 1;
	classes = {
	};
	objectVersion = 50;
	objects = {

/* Begin PBXBuildFile section */
		8712373521DBAA450029995D /* FeedCell.swift in Sources */ = {isa = PBXBuildFile; fileRef = 8712373421DBAA450029995D /* FeedCell.swift */; };
		8712373721DE22300029995D /* VideoLauncher.swift in Sources */ = {isa = PBXBuildFile; fileRef = 8712373621DE22300029995D /* VideoLauncher.swift */; };
		8712373921DE25BD0029995D /* VideoPlayerView.swift in Sources */ = {isa = PBXBuildFile; fileRef = 8712373821DE25BD0029995D /* VideoPlayerView.swift */; };
		8738A29F21C5129C0074865A /* Video.swift in Sources */ = {isa = PBXBuildFile; fileRef = 8738A29E21C5129C0074865A /* Video.swift */; };
		8738A2A121C518E00074865A /* Channel.swift in Sources */ = {isa = PBXBuildFile; fileRef = 8738A2A021C518E00074865A /* Channel.swift */; };
		87A0523D21B8537A00906306 /* AppDelegate.swift in Sources */ = {isa = PBXBuildFile; fileRef = 87A0523C21B8537A00906306 /* AppDelegate.swift */; };
		87A0523F21B8537A00906306 /* HomeViewController.swift in Sources */ = {isa = PBXBuildFile; fileRef = 87A0523E21B8537A00906306 /* HomeViewController.swift */; };
		87A0524421B8537B00906306 /* Assets.xcassets in Resources */ = {isa = PBXBuildFile; fileRef = 87A0524321B8537B00906306 /* Assets.xcassets */; };
		87A0524721B8537B00906306 /* LaunchScreen.storyboard in Resources */ = {isa = PBXBuildFile; fileRef = 87A0524521B8537B00906306 /* LaunchScreen.storyboard */; };
		87A0524F21BAFB0200906306 /* VideoCell.swift in Sources */ = {isa = PBXBuildFile; fileRef = 87A0524E21BAFB0200906306 /* VideoCell.swift */; };
		87A0525121BB03EF00906306 /* UIViewExtension.swift in Sources */ = {isa = PBXBuildFile; fileRef = 87A0525021BB03EF00906306 /* UIViewExtension.swift */; };
		87A0525321BBE4FE00906306 /* UIColorExtension.swift in Sources */ = {isa = PBXBuildFile; fileRef = 87A0525221BBE4FE00906306 /* UIColorExtension.swift */; };
		87A0525821BD25F300906306 /* MenuBar.swift in Sources */ = {isa = PBXBuildFile; fileRef = 87A0525721BD25F300906306 /* MenuBar.swift */; };
		87A0525A21BD2DE900906306 /* MenuCell.swift in Sources */ = {isa = PBXBuildFile; fileRef = 87A0525921BD2DE900906306 /* MenuCell.swift */; };
		87A0525C21BD2E8B00906306 /* BaseCell.swift in Sources */ = {isa = PBXBuildFile; fileRef = 87A0525B21BD2E8B00906306 /* BaseCell.swift */; };
		87C690CC21C823D2004E915D /* Dataservice.swift in Sources */ = {isa = PBXBuildFile; fileRef = 87C690CB21C823D2004E915D /* Dataservice.swift */; };
		87C690CE21CE67C0004E915D /* SettingsLauncher.swift in Sources */ = {isa = PBXBuildFile; fileRef = 87C690CD21CE67C0004E915D /* SettingsLauncher.swift */; };
		87C690D021CF9BDA004E915D /* SettingCell.swift in Sources */ = {isa = PBXBuildFile; fileRef = 87C690CF21CF9BDA004E915D /* SettingCell.swift */; };
		87C690D221CFA809004E915D /* Setting.swift in Sources */ = {isa = PBXBuildFile; fileRef = 87C690D121CFA809004E915D /* Setting.swift */; };
/* End PBXBuildFile section */

/* Begin PBXFileReference section */
		8712373421DBAA450029995D /* FeedCell.swift */ = {isa = PBXFileReference; lastKnownFileType = sourcecode.swift; path = FeedCell.swift; sourceTree = "<group>"; };
		8712373621DE22300029995D /* VideoLauncher.swift */ = {isa = PBXFileReference; lastKnownFileType = sourcecode.swift; path = VideoLauncher.swift; sourceTree = "<group>"; };
		8712373821DE25BD0029995D /* VideoPlayerView.swift */ = {isa = PBXFileReference; lastKnownFileType = sourcecode.swift; path = VideoPlayerView.swift; sourceTree = "<group>"; };
		8738A29E21C5129C0074865A /* Video.swift */ = {isa = PBXFileReference; lastKnownFileType = sourcecode.swift; path = Video.swift; sourceTree = "<group>"; };
		8738A2A021C518E00074865A /* Channel.swift */ = {isa = PBXFileReference; lastKnownFileType = sourcecode.swift; path = Channel.swift; sourceTree = "<group>"; };
		87A0523921B8537A00906306 /* YouTubeCloneApp.app */ = {isa = PBXFileReference; explicitFileType = wrapper.application; includeInIndex = 0; path = YouTubeCloneApp.app; sourceTree = BUILT_PRODUCTS_DIR; };
		87A0523C21B8537A00906306 /* AppDelegate.swift */ = {isa = PBXFileReference; lastKnownFileType = sourcecode.swift; path = AppDelegate.swift; sourceTree = "<group>"; };
		87A0523E21B8537A00906306 /* HomeViewController.swift */ = {isa = PBXFileReference; lastKnownFileType = sourcecode.swift; path = HomeViewController.swift; sourceTree = "<group>"; };
		87A0524321B8537B00906306 /* Assets.xcassets */ = {isa = PBXFileReference; lastKnownFileType = folder.assetcatalog; path = Assets.xcassets; sourceTree = "<group>"; };
		87A0524621B8537B00906306 /* Base */ = {isa = PBXFileReference; lastKnownFileType = file.storyboard; name = Base; path = Base.lproj/LaunchScreen.storyboard; sourceTree = "<group>"; };
		87A0524821B8537B00906306 /* Info.plist */ = {isa = PBXFileReference; lastKnownFileType = text.plist.xml; path = Info.plist; sourceTree = "<group>"; };
		87A0524E21BAFB0200906306 /* VideoCell.swift */ = {isa = PBXFileReference; lastKnownFileType = sourcecode.swift; path = VideoCell.swift; sourceTree = "<group>"; };
		87A0525021BB03EF00906306 /* UIViewExtension.swift */ = {isa = PBXFileReference; lastKnownFileType = sourcecode.swift; path = UIViewExtension.swift; sourceTree = "<group>"; };
		87A0525221BBE4FE00906306 /* UIColorExtension.swift */ = {isa = PBXFileReference; lastKnownFileType = sourcecode.swift; path = UIColorExtension.swift; sourceTree = "<group>"; };
		87A0525721BD25F300906306 /* MenuBar.swift */ = {isa = PBXFileReference; lastKnownFileType = sourcecode.swift; path = MenuBar.swift; sourceTree = "<group>"; };
		87A0525921BD2DE900906306 /* MenuCell.swift */ = {isa = PBXFileReference; lastKnownFileType = sourcecode.swift; path = MenuCell.swift; sourceTree = "<group>"; };
		87A0525B21BD2E8B00906306 /* BaseCell.swift */ = {isa = PBXFileReference; lastKnownFileType = sourcecode.swift; path = BaseCell.swift; sourceTree = "<group>"; };
		87C690CB21C823D2004E915D /* Dataservice.swift */ = {isa = PBXFileReference; lastKnownFileType = sourcecode.swift; path = Dataservice.swift; sourceTree = "<group>"; };
		87C690CD21CE67C0004E915D /* SettingsLauncher.swift */ = {isa = PBXFileReference; lastKnownFileType = sourcecode.swift; path = SettingsLauncher.swift; sourceTree = "<group>"; };
		87C690CF21CF9BDA004E915D /* SettingCell.swift */ = {isa = PBXFileReference; lastKnownFileType = sourcecode.swift; path = SettingCell.swift; sourceTree = "<group>"; };
		87C690D121CFA809004E915D /* Setting.swift */ = {isa = PBXFileReference; lastKnownFileType = sourcecode.swift; path = Setting.swift; sourceTree = "<group>"; };
/* End PBXFileReference section */

/* Begin PBXFrameworksBuildPhase section */
		87A0523621B8537A00906306 /* Frameworks */ = {
			isa = PBXFrameworksBuildPhase;
			buildActionMask = 2147483647;
			files = (
			);
			runOnlyForDeploymentPostprocessing = 0;
		};
/* End PBXFrameworksBuildPhase section */

/* Begin PBXGroup section */
		8738A29D21C512860074865A /* Model */ = {
			isa = PBXGroup;
			children = (
				8738A29E21C5129C0074865A /* Video.swift */,
				8738A2A021C518E00074865A /* Channel.swift */,
				87C690D121CFA809004E915D /* Setting.swift */,
			);
			path = Model;
			sourceTree = "<group>";
		};
		87A0523021B8537A00906306 = {
			isa = PBXGroup;
			children = (
				87A0523B21B8537A00906306 /* YouTubeCloneApp */,
				87A0523A21B8537A00906306 /* Products */,
			);
			sourceTree = "<group>";
		};
		87A0523A21B8537A00906306 /* Products */ = {
			isa = PBXGroup;
			children = (
				87A0523921B8537A00906306 /* YouTubeCloneApp.app */,
			);
			name = Products;
			sourceTree = "<group>";
		};
		87A0523B21B8537A00906306 /* YouTubeCloneApp */ = {
			isa = PBXGroup;
			children = (
				87A0523C21B8537A00906306 /* AppDelegate.swift */,
				87C690CB21C823D2004E915D /* Dataservice.swift */,
				8738A29D21C512860074865A /* Model */,
				87A0525521BC0C2500906306 /* Views */,
				87A0525421BC0C1700906306 /* Controllers */,
				87A0525621BC0C3A00906306 /* Helpers */,
				87A0524321B8537B00906306 /* Assets.xcassets */,
				87A0524521B8537B00906306 /* LaunchScreen.storyboard */,
				87A0524821B8537B00906306 /* Info.plist */,
			);
			path = YouTubeCloneApp;
			sourceTree = "<group>";
		};
		87A0525421BC0C1700906306 /* Controllers */ = {
			isa = PBXGroup;
			children = (
				87A0523E21B8537A00906306 /* HomeViewController.swift */,
				87C690CD21CE67C0004E915D /* SettingsLauncher.swift */,
				8712373621DE22300029995D /* VideoLauncher.swift */,
			);
			path = Controllers;
			sourceTree = "<group>";
		};
		87A0525521BC0C2500906306 /* Views */ = {
			isa = PBXGroup;
			children = (
				87A0525B21BD2E8B00906306 /* BaseCell.swift */,
				87A0525721BD25F300906306 /* MenuBar.swift */,
				87A0524E21BAFB0200906306 /* VideoCell.swift */,
				87A0525921BD2DE900906306 /* MenuCell.swift */,
				87C690CF21CF9BDA004E915D /* SettingCell.swift */,
				8712373421DBAA450029995D /* FeedCell.swift */,
				8712373821DE25BD0029995D /* VideoPlayerView.swift */,
			);
			path = Views;
			sourceTree = "<group>";
		};
		87A0525621BC0C3A00906306 /* Helpers */ = {
			isa = PBXGroup;
			children = (
				87A0525021BB03EF00906306 /* UIViewExtension.swift */,
				87A0525221BBE4FE00906306 /* UIColorExtension.swift */,
			);
			path = Helpers;
			sourceTree = "<group>";
		};
/* End PBXGroup section */

/* Begin PBXNativeTarget section */
		87A0523821B8537A00906306 /* YouTubeCloneApp */ = {
			isa = PBXNativeTarget;
			buildConfigurationList = 87A0524B21B8537B00906306 /* Build configuration list for PBXNativeTarget "YouTubeCloneApp" */;
			buildPhases = (
				87A0523521B8537A00906306 /* Sources */,
				87A0523621B8537A00906306 /* Frameworks */,
				87A0523721B8537A00906306 /* Resources */,
			);
			buildRules = (
			);
			dependencies = (
			);
			name = YouTubeCloneApp;
			productName = YouTubeCloneApp;
			productReference = 87A0523921B8537A00906306 /* YouTubeCloneApp.app */;
			productType = "com.apple.product-type.application";
		};
/* End PBXNativeTarget section */

/* Begin PBXProject section */
		87A0523121B8537A00906306 /* Project object */ = {
			isa = PBXProject;
			attributes = {
				LastSwiftUpdateCheck = 1010;
				LastUpgradeCheck = 1010;
				ORGANIZATIONNAME = "Ruslan Akberov";
				TargetAttributes = {
					87A0523821B8537A00906306 = {
						CreatedOnToolsVersion = 10.1;
					};
				};
			};
			buildConfigurationList = 87A0523421B8537A00906306 /* Build configuration list for PBXProject "YouTubeCloneApp" */;
			compatibilityVersion = "Xcode 9.3";
			developmentRegion = en;
			hasScannedForEncodings = 0;
			knownRegions = (
				en,
				Base,
			);
			mainGroup = 87A0523021B8537A00906306;
			productRefGroup = 87A0523A21B8537A00906306 /* Products */;
			projectDirPath = "";
			projectRoot = "";
			targets = (
				87A0523821B8537A00906306 /* YouTubeCloneApp */,
			);
		};
/* End PBXProject section */

/* Begin PBXResourcesBuildPhase section */
		87A0523721B8537A00906306 /* Resources */ = {
			isa = PBXResourcesBuildPhase;
			buildActionMask = 2147483647;
			files = (
				87A0524721B8537B00906306 /* LaunchScreen.storyboard in Resources */,
				87A0524421B8537B00906306 /* Assets.xcassets in Resources */,
			);
			runOnlyForDeploymentPostprocessing = 0;
		};
/* End PBXResourcesBuildPhase section */

/* Begin PBXSourcesBuildPhase section */
		87A0523521B8537A00906306 /* Sources */ = {
			isa = PBXSourcesBuildPhase;
			buildActionMask = 2147483647;
			files = (
				87A0525A21BD2DE900906306 /* MenuCell.swift in Sources */,
				8738A2A121C518E00074865A /* Channel.swift in Sources */,
				87A0523F21B8537A00906306 /* HomeViewController.swift in Sources */,
				8712373921DE25BD0029995D /* VideoPlayerView.swift in Sources */,
				87A0523D21B8537A00906306 /* AppDelegate.swift in Sources */,
				87C690D221CFA809004E915D /* Setting.swift in Sources */,
				87A0525821BD25F300906306 /* MenuBar.swift in Sources */,
				8738A29F21C5129C0074865A /* Video.swift in Sources */,
				8712373721DE22300029995D /* VideoLauncher.swift in Sources */,
				87A0525C21BD2E8B00906306 /* BaseCell.swift in Sources */,
				87C690D021CF9BDA004E915D /* SettingCell.swift in Sources */,
				87C690CC21C823D2004E915D /* Dataservice.swift in Sources */,
				87C690CE21CE67C0004E915D /* SettingsLauncher.swift in Sources */,
				8712373521DBAA450029995D /* FeedCell.swift in Sources */,
				87A0525321BBE4FE00906306 /* UIColorExtension.swift in Sources */,
				87A0525121BB03EF00906306 /* UIViewExtension.swift in Sources */,
				87A0524F21BAFB0200906306 /* VideoCell.swift in Sources */,
			);
			runOnlyForDeploymentPostprocessing = 0;
		};
/* End PBXSourcesBuildPhase section */

/* Begin PBXVariantGroup section */
		87A0524521B8537B00906306 /* LaunchScreen.storyboard */ = {
			isa = PBXVariantGroup;
			children = (
				87A0524621B8537B00906306 /* Base */,
			);
			name = LaunchScreen.storyboard;
			sourceTree = "<group>";
		};
/* End PBXVariantGroup section */

/* Begin XCBuildConfiguration section */
		87A0524921B8537B00906306 /* Debug */ = {
			isa = XCBuildConfiguration;
			buildSettings = {
				ALWAYS_SEARCH_USER_PATHS = NO;
				CLANG_ANALYZER_NONNULL = YES;
				CLANG_ANALYZER_NUMBER_OBJECT_CONVERSION = YES_AGGRESSIVE;
				CLANG_CXX_LANGUAGE_STANDARD = "gnu++14";
				CLANG_CXX_LIBRARY = "libc++";
				CLANG_ENABLE_MODULES = YES;
				CLANG_ENABLE_OBJC_ARC = YES;
				CLANG_ENABLE_OBJC_WEAK = YES;
				CLANG_WARN_BLOCK_CAPTURE_AUTORELEASING = YES;
				CLANG_WARN_BOOL_CONVERSION = YES;
				CLANG_WARN_COMMA = YES;
				CLANG_WARN_CONSTANT_CONVERSION = YES;
				CLANG_WARN_DEPRECATED_OBJC_IMPLEMENTATIONS = YES;
				CLANG_WARN_DIRECT_OBJC_ISA_USAGE = YES_ERROR;
				CLANG_WARN_DOCUMENTATION_COMMENTS = YES;
				CLANG_WARN_EMPTY_BODY = YES;
				CLANG_WARN_ENUM_CONVERSION = YES;
				CLANG_WARN_INFINITE_RECURSION = YES;
				CLANG_WARN_INT_CONVERSION = YES;
				CLANG_WARN_NON_LITERAL_NULL_CONVERSION = YES;
				CLANG_WARN_OBJC_IMPLICIT_RETAIN_SELF = YES;
				CLANG_WARN_OBJC_LITERAL_CONVERSION = YES;
				CLANG_WARN_OBJC_ROOT_CLASS = YES_ERROR;
				CLANG_WARN_RANGE_LOOP_ANALYSIS = YES;
				CLANG_WARN_STRICT_PROTOTYPES = YES;
				CLANG_WARN_SUSPICIOUS_MOVE = YES;
				CLANG_WARN_UNGUARDED_AVAILABILITY = YES_AGGRESSIVE;
				CLANG_WARN_UNREACHABLE_CODE = YES;
				CLANG_WARN__DUPLICATE_METHOD_MATCH = YES;
				CODE_SIGN_IDENTITY = "iPhone Developer";
				COPY_PHASE_STRIP = NO;
				DEBUG_INFORMATION_FORMAT = dwarf;
				ENABLE_STRICT_OBJC_MSGSEND = YES;
				ENABLE_TESTABILITY = YES;
				GCC_C_LANGUAGE_STANDARD = gnu11;
				GCC_DYNAMIC_NO_PIC = NO;
				GCC_NO_COMMON_BLOCKS = YES;
				GCC_OPTIMIZATION_LEVEL = 0;
				GCC_PREPROCESSOR_DEFINITIONS = (
					"DEBUG=1",
					"$(inherited)",
				);
				GCC_WARN_64_TO_32_BIT_CONVERSION = YES;
				GCC_WARN_ABOUT_RETURN_TYPE = YES_ERROR;
				GCC_WARN_UNDECLARED_SELECTOR = YES;
				GCC_WARN_UNINITIALIZED_AUTOS = YES_AGGRESSIVE;
				GCC_WARN_UNUSED_FUNCTION = YES;
				GCC_WARN_UNUSED_VARIABLE = YES;
				IPHONEOS_DEPLOYMENT_TARGET = 12.1;
				MTL_ENABLE_DEBUG_INFO = INCLUDE_SOURCE;
				MTL_FAST_MATH = YES;
				ONLY_ACTIVE_ARCH = YES;
				SDKROOT = iphoneos;
				SWIFT_ACTIVE_COMPILATION_CONDITIONS = DEBUG;
				SWIFT_OPTIMIZATION_LEVEL = "-Onone";
			};
			name = Debug;
		};
		87A0524A21B8537B00906306 /* Release */ = {
			isa = XCBuildConfiguration;
			buildSettings = {
				ALWAYS_SEARCH_USER_PATHS = NO;
				CLANG_ANALYZER_NONNULL = YES;
				CLANG_ANALYZER_NUMBER_OBJECT_CONVERSION = YES_AGGRESSIVE;
				CLANG_CXX_LANGUAGE_STANDARD = "gnu++14";
				CLANG_CXX_LIBRARY = "libc++";
				CLANG_ENABLE_MODULES = YES;
				CLANG_ENABLE_OBJC_ARC = YES;
				CLANG_ENABLE_OBJC_WEAK = YES;
				CLANG_WARN_BLOCK_CAPTURE_AUTORELEASING = YES;
				CLANG_WARN_BOOL_CONVERSION = YES;
				CLANG_WARN_COMMA = YES;
				CLANG_WARN_CONSTANT_CONVERSION = YES;
				CLANG_WARN_DEPRECATED_OBJC_IMPLEMENTATIONS = YES;
				CLANG_WARN_DIRECT_OBJC_ISA_USAGE = YES_ERROR;
				CLANG_WARN_DOCUMENTATION_COMMENTS = YES;
				CLANG_WARN_EMPTY_BODY = YES;
				CLANG_WARN_ENUM_CONVERSION = YES;
				CLANG_WARN_INFINITE_RECURSION = YES;
				CLANG_WARN_INT_CONVERSION = YES;
				CLANG_WARN_NON_LITERAL_NULL_CONVERSION = YES;
				CLANG_WARN_OBJC_IMPLICIT_RETAIN_SELF = YES;
				CLANG_WARN_OBJC_LITERAL_CONVERSION = YES;
				CLANG_WARN_OBJC_ROOT_CLASS = YES_ERROR;
				CLANG_WARN_RANGE_LOOP_ANALYSIS = YES;
				CLANG_WARN_STRICT_PROTOTYPES = YES;
				CLANG_WARN_SUSPICIOUS_MOVE = YES;
				CLANG_WARN_UNGUARDED_AVAILABILITY = YES_AGGRESSIVE;
				CLANG_WARN_UNREACHABLE_CODE = YES;
				CLANG_WARN__DUPLICATE_METHOD_MATCH = YES;
				CODE_SIGN_IDENTITY = "iPhone Developer";
				COPY_PHASE_STRIP = NO;
				DEBUG_INFORMATION_FORMAT = "dwarf-with-dsym";
				ENABLE_NS_ASSERTIONS = NO;
				ENABLE_STRICT_OBJC_MSGSEND = YES;
				GCC_C_LANGUAGE_STANDARD = gnu11;
				GCC_NO_COMMON_BLOCKS = YES;
				GCC_WARN_64_TO_32_BIT_CONVERSION = YES;
				GCC_WARN_ABOUT_RETURN_TYPE = YES_ERROR;
				GCC_WARN_UNDECLARED_SELECTOR = YES;
				GCC_WARN_UNINITIALIZED_AUTOS = YES_AGGRESSIVE;
				GCC_WARN_UNUSED_FUNCTION = YES;
				GCC_WARN_UNUSED_VARIABLE = YES;
				IPHONEOS_DEPLOYMENT_TARGET = 12.1;
				MTL_ENABLE_DEBUG_INFO = NO;
				MTL_FAST_MATH = YES;
				SDKROOT = iphoneos;
				SWIFT_COMPILATION_MODE = wholemodule;
				SWIFT_OPTIMIZATION_LEVEL = "-O";
				VALIDATE_PRODUCT = YES;
			};
			name = Release;
		};
		87A0524C21B8537B00906306 /* Debug */ = {
			isa = XCBuildConfiguration;
			buildSettings = {
				ASSETCATALOG_COMPILER_APPICON_NAME = AppIcon;
				CODE_SIGN_STYLE = Automatic;
				DEVELOPMENT_TEAM = JMYF9P9VY4;
				INFOPLIST_FILE = YouTubeCloneApp/Info.plist;
				LD_RUNPATH_SEARCH_PATHS = (
					"$(inherited)",
					"@executable_path/Frameworks",
				);
				PRODUCT_BUNDLE_IDENTIFIER = com.akberovapps.YouTubeCloneApp;
				PRODUCT_NAME = "$(TARGET_NAME)";
				SWIFT_VERSION = 4.2;
				TARGETED_DEVICE_FAMILY = "1,2";
			};
			name = Debug;
		};
		87A0524D21B8537B00906306 /* Release */ = {
			isa = XCBuildConfiguration;
			buildSettings = {
				ASSETCATALOG_COMPILER_APPICON_NAME = AppIcon;
				CODE_SIGN_STYLE = Automatic;
				DEVELOPMENT_TEAM = JMYF9P9VY4;
				INFOPLIST_FILE = YouTubeCloneApp/Info.plist;
				LD_RUNPATH_SEARCH_PATHS = (
					"$(inherited)",
					"@executable_path/Frameworks",
				);
				PRODUCT_BUNDLE_IDENTIFIER = com.akberovapps.YouTubeCloneApp;
				PRODUCT_NAME = "$(TARGET_NAME)";
				SWIFT_VERSION = 4.2;
				TARGETED_DEVICE_FAMILY = "1,2";
			};
			name = Release;
		};
/* End XCBuildConfiguration section */

/* Begin XCConfigurationList section */
		87A0523421B8537A00906306 /* Build configuration list for PBXProject "YouTubeCloneApp" */ = {
			isa = XCConfigurationList;
			buildConfigurations = (
				87A0524921B8537B00906306 /* Debug */,
				87A0524A21B8537B00906306 /* Release */,
			);
			defaultConfigurationIsVisible = 0;
			defaultConfigurationName = Release;
		};
		87A0524B21B8537B00906306 /* Build configuration list for PBXNativeTarget "YouTubeCloneApp" */ = {
			isa = XCConfigurationList;
			buildConfigurations = (
				87A0524C21B8537B00906306 /* Debug */,
				87A0524D21B8537B00906306 /* Release */,
			);
			defaultConfigurationIsVisible = 0;
			defaultConfigurationName = Release;
		};
/* End XCConfigurationList section */
	};
	rootObject = 87A0523121B8537A00906306 /* Project object */;
}
